
Microsoft Visual Studio Solution File, Format Version 12.00
# Visual Studio 15
VisualStudioVersion = 15.0.28307.168
MinimumVisualStudioVersion = 10.0.40219.1
Project("{FAE04EC0-301F-11D3-BF4B-00C04F79EFBC}") = "MovieLibrary", "MovieLibrary\MovieLibrary.csproj", "{92D35D1E-C253-4A89-BFF3-F629D6D9BA37}"
EndProject
Global
	GlobalSection(SolutionConfigurationPlatforms) = preSolution
		Debug|Any CPU = Debug|Any CPU
		Release|Any CPU = Release|Any CPU
	EndGlobalSection
	GlobalSection(ProjectConfigurationPlatforms) = postSolution
		{92D35D1E-C253-4A89-BFF3-F629D6D9BA37}.Debug|Any CPU.ActiveCfg = Debug|Any CPU
		{92D35D1E-C253-4A89-BFF3-F629D6D9BA37}.Debug|Any CPU.Build.0 = Debug|Any CPU
		{92D35D1E-C253-4A89-BFF3-F629D6D9BA37}.Release|Any CPU.ActiveCfg = Release|Any CPU
		{92D35D1E-C253-4A89-BFF3-F629D6D9BA37}.Release|Any CPU.Build.0 = Release|Any CPU
	EndGlobalSection
	GlobalSection(SolutionProperties) = preSolution
		HideSolutionNode = FALSE
	EndGlobalSection
	GlobalSection(ExtensibilityGlobals) = postSolution
		SolutionGuid = {AF4EE7D0-DA2A-4A2F-88F1-A100EDC2DBC9}
	EndGlobalSection
EndGlobal
